PODS:
  - Base64 (1.1.2)
  - HockeySDK (5.1.2):
    - HockeySDK/DefaultLib (= 5.1.2)
  - HockeySDK/DefaultLib (5.1.2)
  - JWT (3.0.0-beta.11):
    - Base64 (~> 1.1.2)
  - KinCoreSDK (0.7.6):
    - StellarKit (= 0.3.6)
  - KinEcosystem (0.5.2):
    - KinCoreSDK (= 0.7.6)
    - SimpleCoreDataStack (= 0.1.6)
  - KinUtil (0.0.6)
  - SimpleCoreDataStack (0.1.6)
  - StellarErrors (0.2.7)
  - StellarKit (0.3.6):
    - KinUtil (= 0.0.6)
    - StellarErrors (= 0.2.7)

DEPENDENCIES:
  - HockeySDK
  - JWT (= 3.0.0-beta.11)
  - KinEcosystem (= 0.5.2)

SPEC REPOS:
  https://github.com/CocoaPods/Specs.git:
    - Base64
    - HockeySDK
    - JWT
    - KinCoreSDK
    - KinEcosystem
    - KinUtil
    - SimpleCoreDataStack
    - StellarErrors
    - StellarKit

SPEC CHECKSUMS:
  Base64: cecfb41a004124895a7bcee567a89bae5a89d49b
  HockeySDK: 38b7e2726af1ea86ae97ce4b5de33ab0817e3500
  JWT: 05028b9624591bba9681bb57df2c5f95fa258bad
  KinCoreSDK: 691a31f0af1d0351fce9d6bacfee3f62e8bf3d34
  KinEcosystem: 41121e94256d241c611dd03b27065f26feb8ac22
  KinUtil: 1bc7b10d5dec37d268f9c3d18a54b87eba7db2e8
  SimpleCoreDataStack: 80d9c5efd1861d77432477974b3be410a202bd2f
  StellarErrors: f9239fad02b05464fbc9845063195a87d28f57d1
  StellarKit: cf90d2b30bbb5499312982197e2cd15374460e67

PODFILE CHECKSUM: 35b54a2e0677f5044ae67af7f42bf79478ff328e

COCOAPODS: 1.5.0
