PODS:
  - KinEcosystem (0.2.0):
    - KinSDK (= 0.7.0)
    - SimpleCoreDataStack (= 0.1.2)
  - KinSDK (0.7.0):
    - StellarKit (= 0.3.0)
  - KinUtil (0.0.4)
  - SimpleCoreDataStack (0.1.2)
  - StellarErrors (0.2.7)
  - StellarKit (0.3.0):
    - KinUtil (= 0.0.4)
    - StellarErrors (= 0.2.7)

DEPENDENCIES:
  - KinEcosystem (= 0.2.0)

SPEC CHECKSUMS:
  KinEcosystem: 44a54e7a89136d822bf66d6cd924a774b9975fdd
  KinSDK: 8c32e94ed3e6278d787367418bd5ce21d7c681f9
  KinUtil: 0d8c5a1656931599daa8b97a95e65837220b4037
  SimpleCoreDataStack: ce1c66bbc056dbd9fc19ed02e9d9c77c21006cb7
  StellarErrors: f9239fad02b05464fbc9845063195a87d28f57d1
  StellarKit: db153cd2e9003a57170db259e6bdf50c084cf75f

PODFILE CHECKSUM: c10b0578527ec80a104595fb1690fe7bf82bd5c7

COCOAPODS: 1.3.1
