// !$*UTF8*$!
{
	archiveVersion = 1;
	classes = {
	};
	objectVersion = 48;
	objects = {

/* Begin PBXBuildFile section */
		A6ACC636F5D65B15C2010548 /* Pods_EcosystemSampleApp.framework in Frameworks */ = {isa = PBXBuildFile; fileRef = 3DE1AF490AF33B7C952D57A7 /* Pods_EcosystemSampleApp.framework */; };
		E942F91D20346A6200DD4B8E /* AppDelegate.swift in Sources */ = {isa = PBXBuildFile; fileRef = E942F91C20346A6200DD4B8E /* AppDelegate.swift */; };
		E942F91F20346A6200DD4B8E /* SampleAppViewController.swift in Sources */ = {isa = PBXBuildFile; fileRef = E942F91E20346A6200DD4B8E /* SampleAppViewController.swift */; };
		E942F92220346A6200DD4B8E /* Main.storyboard in Resources */ = {isa = PBXBuildFile; fileRef = E942F92020346A6200DD4B8E /* Main.storyboard */; };
		E942F92420346A6200DD4B8E /* Assets.xcassets in Resources */ = {isa = PBXBuildFile; fileRef = E942F92320346A6200DD4B8E /* Assets.xcassets */; };
		E942F92720346A6200DD4B8E /* LaunchScreen.storyboard in Resources */ = {isa = PBXBuildFile; fileRef = E942F92520346A6200DD4B8E /* LaunchScreen.storyboard */; };
/* End PBXBuildFile section */

/* Begin PBXFileReference section */
		3DE1AF490AF33B7C952D57A7 /* Pods_EcosystemSampleApp.framework */ = {isa = PBXFileReference; explicitFileType = wrapper.framework; includeInIndex = 0; path = Pods_EcosystemSampleApp.framework; sourceTree = BUILT_PRODUCTS_DIR; };
		6C1F0762B7EA436EC8BD8325 /* Pods-EcosystemSampleApp.release.xcconfig */ = {isa = PBXFileReference; includeInIndex = 1; lastKnownFileType = text.xcconfig; name = "Pods-EcosystemSampleApp.release.xcconfig"; path = "Pods/Target Support Files/Pods-EcosystemSampleApp/Pods-EcosystemSampleApp.release.xcconfig"; sourceTree = "<group>"; };
		AFFFBF1EF8563EAA1B115E26 /* Pods-EcosystemSampleApp.debug.xcconfig */ = {isa = PBXFileReference; includeInIndex = 1; lastKnownFileType = text.xcconfig; name = "Pods-EcosystemSampleApp.debug.xcconfig"; path = "Pods/Target Support Files/Pods-EcosystemSampleApp/Pods-EcosystemSampleApp.debug.xcconfig"; sourceTree = "<group>"; };
		E904414C2035662B00E3E261 /* CoreDataStack.framework */ = {isa = PBXFileReference; explicitFileType = wrapper.framework; path = CoreDataStack.framework; sourceTree = BUILT_PRODUCTS_DIR; };
		E904414D2035662B00E3E261 /* KinSDK.framework */ = {isa = PBXFileReference; explicitFileType = wrapper.framework; path = KinSDK.framework; sourceTree = BUILT_PRODUCTS_DIR; };
		E904414E2035662B00E3E261 /* StellarKit.framework */ = {isa = PBXFileReference; explicitFileType = wrapper.framework; path = StellarKit.framework; sourceTree = BUILT_PRODUCTS_DIR; };
		E942F91920346A6200DD4B8E /* EcosystemSampleApp.app */ = {isa = PBXFileReference; explicitFileType = wrapper.application; includeInIndex = 0; path = EcosystemSampleApp.app; sourceTree = BUILT_PRODUCTS_DIR; };
		E942F91C20346A6200DD4B8E /* AppDelegate.swift */ = {isa = PBXFileReference; lastKnownFileType = sourcecode.swift; path = AppDelegate.swift; sourceTree = "<group>"; };
		E942F91E20346A6200DD4B8E /* SampleAppViewController.swift */ = {isa = PBXFileReference; lastKnownFileType = sourcecode.swift; path = SampleAppViewController.swift; sourceTree = "<group>"; };
		E942F92120346A6200DD4B8E /* Base */ = {isa = PBXFileReference; lastKnownFileType = file.storyboard; name = Base; path = Base.lproj/Main.storyboard; sourceTree = "<group>"; };
		E942F92320346A6200DD4B8E /* Assets.xcassets */ = {isa = PBXFileReference; lastKnownFileType = folder.assetcatalog; path = Assets.xcassets; sourceTree = "<group>"; };
		E942F92620346A6200DD4B8E /* Base */ = {isa = PBXFileReference; lastKnownFileType = file.storyboard; name = Base; path = Base.lproj/LaunchScreen.storyboard; sourceTree = "<group>"; };
		E942F92820346A6200DD4B8E /* Info.plist */ = {isa = PBXFileReference; lastKnownFileType = text.plist.xml; path = Info.plist; sourceTree = "<group>"; };
/* End PBXFileReference section */

/* Begin PBXFrameworksBuildPhase section */
		E942F91620346A6200DD4B8E /* Frameworks */ = {
			isa = PBXFrameworksBuildPhase;
			buildActionMask = 2147483647;
			files = (
				A6ACC636F5D65B15C2010548 /* Pods_EcosystemSampleApp.framework in Frameworks */,
			);
			runOnlyForDeploymentPostprocessing = 0;
		};
/* End PBXFrameworksBuildPhase section */

/* Begin PBXGroup section */
		910E299BED58B0ED3CABFC66 /* Pods */ = {
			isa = PBXGroup;
			children = (
				AFFFBF1EF8563EAA1B115E26 /* Pods-EcosystemSampleApp.debug.xcconfig */,
				6C1F0762B7EA436EC8BD8325 /* Pods-EcosystemSampleApp.release.xcconfig */,
			);
			name = Pods;
			sourceTree = "<group>";
		};
		E942F91020346A6200DD4B8E = {
			isa = PBXGroup;
			children = (
				E942F91B20346A6200DD4B8E /* EcosystemSampleApp */,
				E942F91A20346A6200DD4B8E /* Products */,
				E942F94820346B7000DD4B8E /* Frameworks */,
				910E299BED58B0ED3CABFC66 /* Pods */,
			);
			sourceTree = "<group>";
		};
		E942F91A20346A6200DD4B8E /* Products */ = {
			isa = PBXGroup;
			children = (
				E942F91920346A6200DD4B8E /* EcosystemSampleApp.app */,
			);
			name = Products;
			sourceTree = "<group>";
		};
		E942F91B20346A6200DD4B8E /* EcosystemSampleApp */ = {
			isa = PBXGroup;
			children = (
				E942F91C20346A6200DD4B8E /* AppDelegate.swift */,
				E942F91E20346A6200DD4B8E /* SampleAppViewController.swift */,
				E942F92020346A6200DD4B8E /* Main.storyboard */,
				E942F92320346A6200DD4B8E /* Assets.xcassets */,
				E942F92520346A6200DD4B8E /* LaunchScreen.storyboard */,
				E942F92820346A6200DD4B8E /* Info.plist */,
			);
			path = EcosystemSampleApp;
			sourceTree = "<group>";
		};
		E942F94820346B7000DD4B8E /* Frameworks */ = {
			isa = PBXGroup;
			children = (
				E904414C2035662B00E3E261 /* CoreDataStack.framework */,
				E904414D2035662B00E3E261 /* KinSDK.framework */,
				E904414E2035662B00E3E261 /* StellarKit.framework */,
				3DE1AF490AF33B7C952D57A7 /* Pods_EcosystemSampleApp.framework */,
			);
			name = Frameworks;
			sourceTree = "<group>";
		};
/* End PBXGroup section */

/* Begin PBXNativeTarget section */
		E942F91820346A6200DD4B8E /* EcosystemSampleApp */ = {
			isa = PBXNativeTarget;
			buildConfigurationList = E942F92B20346A6200DD4B8E /* Build configuration list for PBXNativeTarget "EcosystemSampleApp" */;
			buildPhases = (
				FB4379F18BABA42E1CADB93D /* [CP] Check Pods Manifest.lock */,
				E942F91520346A6200DD4B8E /* Sources */,
				E942F91620346A6200DD4B8E /* Frameworks */,
				E942F91720346A6200DD4B8E /* Resources */,
				E12CA08F948E3654FCFD069B /* [CP] Embed Pods Frameworks */,
				92BCF2CD1A17600A525B057A /* [CP] Copy Pods Resources */,
			);
			buildRules = (
			);
			dependencies = (
			);
			name = EcosystemSampleApp;
			productName = EcosystemSampleApp;
			productReference = E942F91920346A6200DD4B8E /* EcosystemSampleApp.app */;
			productType = "com.apple.product-type.application";
		};
/* End PBXNativeTarget section */

/* Begin PBXProject section */
		E942F91120346A6200DD4B8E /* Project object */ = {
			isa = PBXProject;
			attributes = {
				LastSwiftUpdateCheck = 0910;
				LastUpgradeCheck = 0910;
				ORGANIZATIONNAME = "Kik Interactive";
				TargetAttributes = {
					E942F91820346A6200DD4B8E = {
						CreatedOnToolsVersion = 9.1;
						ProvisioningStyle = Automatic;
					};
				};
			};
			buildConfigurationList = E942F91420346A6200DD4B8E /* Build configuration list for PBXProject "EcosystemSampleApp" */;
			compatibilityVersion = "Xcode 8.0";
			developmentRegion = en;
			hasScannedForEncodings = 0;
			knownRegions = (
				en,
				Base,
			);
			mainGroup = E942F91020346A6200DD4B8E;
			productRefGroup = E942F91A20346A6200DD4B8E /* Products */;
			projectDirPath = "";
			projectRoot = "";
			targets = (
				E942F91820346A6200DD4B8E /* EcosystemSampleApp */,
			);
		};
/* End PBXProject section */

/* Begin PBXResourcesBuildPhase section */
		E942F91720346A6200DD4B8E /* Resources */ = {
			isa = PBXResourcesBuildPhase;
			buildActionMask = 2147483647;
			files = (
				E942F92720346A6200DD4B8E /* LaunchScreen.storyboard in Resources */,
				E942F92420346A6200DD4B8E /* Assets.xcassets in Resources */,
				E942F92220346A6200DD4B8E /* Main.storyboard in Resources */,
			);
			runOnlyForDeploymentPostprocessing = 0;
		};
/* End PBXResourcesBuildPhase section */

/* Begin PBXShellScriptBuildPhase section */
		92BCF2CD1A17600A525B057A /* [CP] Copy Pods Resources */ = {
			isa = PBXShellScriptBuildPhase;
			buildActionMask = 2147483647;
			files = (
			);
			inputPaths = (
			);
			name = "[CP] Copy Pods Resources";
			outputPaths = (
			);
			runOnlyForDeploymentPostprocessing = 0;
			shellPath = /bin/sh;
			shellScript = "\"${SRCROOT}/Pods/Target Support Files/Pods-EcosystemSampleApp/Pods-EcosystemSampleApp-resources.sh\"\n";
			showEnvVarsInLog = 0;
		};
		E12CA08F948E3654FCFD069B /* [CP] Embed Pods Frameworks */ = {
			isa = PBXShellScriptBuildPhase;
			buildActionMask = 2147483647;
			files = (
			);
			inputPaths = (
				"${SRCROOT}/Pods/Target Support Files/Pods-EcosystemSampleApp/Pods-EcosystemSampleApp-frameworks.sh",
				"${BUILT_PRODUCTS_DIR}/KinEcosystem/KinEcosystem.framework",
				"${BUILT_PRODUCTS_DIR}/KinSDK/KinSDK.framework",
				"${BUILT_PRODUCTS_DIR}/KinUtil/KinUtil.framework",
				"${BUILT_PRODUCTS_DIR}/SimpleCoreDataStack/SimpleCoreDataStack.framework",
				"${BUILT_PRODUCTS_DIR}/StellarErrors/StellarErrors.framework",
				"${BUILT_PRODUCTS_DIR}/StellarKit/StellarKit.framework",
			);
			name = "[CP] Embed Pods Frameworks";
			outputPaths = (
				"${TARGET_BUILD_DIR}/${FRAMEWORKS_FOLDER_PATH}/KinEcosystem.framework",
				"${TARGET_BUILD_DIR}/${FRAMEWORKS_FOLDER_PATH}/KinSDK.framework",
				"${TARGET_BUILD_DIR}/${FRAMEWORKS_FOLDER_PATH}/KinUtil.framework",
				"${TARGET_BUILD_DIR}/${FRAMEWORKS_FOLDER_PATH}/SimpleCoreDataStack.framework",
				"${TARGET_BUILD_DIR}/${FRAMEWORKS_FOLDER_PATH}/StellarErrors.framework",
				"${TARGET_BUILD_DIR}/${FRAMEWORKS_FOLDER_PATH}/StellarKit.framework",
			);
			runOnlyForDeploymentPostprocessing = 0;
			shellPath = /bin/sh;
			shellScript = "\"${SRCROOT}/Pods/Target Support Files/Pods-EcosystemSampleApp/Pods-EcosystemSampleApp-frameworks.sh\"\n";
			showEnvVarsInLog = 0;
		};
		FB4379F18BABA42E1CADB93D /* [CP] Check Pods Manifest.lock */ = {
			isa = PBXShellScriptBuildPhase;
			buildActionMask = 2147483647;
			files = (
			);
			inputPaths = (
				"${PODS_PODFILE_DIR_PATH}/Podfile.lock",
				"${PODS_ROOT}/Manifest.lock",
			);
			name = "[CP] Check Pods Manifest.lock";
			outputPaths = (
				"$(DERIVED_FILE_DIR)/Pods-EcosystemSampleApp-checkManifestLockResult.txt",
			);
			runOnlyForDeploymentPostprocessing = 0;
			shellPath = /bin/sh;
			shellScript = "diff \"${PODS_PODFILE_DIR_PATH}/Podfile.lock\" \"${PODS_ROOT}/Manifest.lock\" > /dev/null\nif [ $? != 0 ] ; then\n    # print error to STDERR\n    echo \"error: The sandbox is not in sync with the Podfile.lock. Run 'pod install' or update your CocoaPods installation.\" >&2\n    exit 1\nfi\n# This output is used by Xcode 'outputs' to avoid re-running this script phase.\necho \"SUCCESS\" > \"${SCRIPT_OUTPUT_FILE_0}\"\n";
			showEnvVarsInLog = 0;
		};
/* End PBXShellScriptBuildPhase section */

/* Begin PBXSourcesBuildPhase section */
		E942F91520346A6200DD4B8E /* Sources */ = {
			isa = PBXSourcesBuildPhase;
			buildActionMask = 2147483647;
			files = (
				E942F91F20346A6200DD4B8E /* SampleAppViewController.swift in Sources */,
				E942F91D20346A6200DD4B8E /* AppDelegate.swift in Sources */,
			);
			runOnlyForDeploymentPostprocessing = 0;
		};
/* End PBXSourcesBuildPhase section */

/* Begin PBXVariantGroup section */
		E942F92020346A6200DD4B8E /* Main.storyboard */ = {
			isa = PBXVariantGroup;
			children = (
				E942F92120346A6200DD4B8E /* Base */,
			);
			name = Main.storyboard;
			sourceTree = "<group>";
		};
		E942F92520346A6200DD4B8E /* LaunchScreen.storyboard */ = {
			isa = PBXVariantGroup;
			children = (
				E942F92620346A6200DD4B8E /* Base */,
			);
			name = LaunchScreen.storyboard;
			sourceTree = "<group>";
		};
/* End PBXVariantGroup section */

/* Begin XCBuildConfiguration section */
		E942F92920346A6200DD4B8E /* Debug */ = {
			isa = XCBuildConfiguration;
			buildSettings = {
				ALWAYS_SEARCH_USER_PATHS = NO;
				CLANG_ANALYZER_NONNULL = YES;
				CLANG_ANALYZER_NUMBER_OBJECT_CONVERSION = YES_AGGRESSIVE;
				CLANG_CXX_LANGUAGE_STANDARD = "gnu++14";
				CLANG_CXX_LIBRARY = "libc++";
				CLANG_ENABLE_MODULES = YES;
				CLANG_ENABLE_OBJC_ARC = YES;
				CLANG_WARN_BLOCK_CAPTURE_AUTORELEASING = YES;
				CLANG_WARN_BOOL_CONVERSION = YES;
				CLANG_WARN_COMMA = YES;
				CLANG_WARN_CONSTANT_CONVERSION = YES;
				CLANG_WARN_DIRECT_OBJC_ISA_USAGE = YES_ERROR;
				CLANG_WARN_DOCUMENTATION_COMMENTS = YES;
				CLANG_WARN_EMPTY_BODY = YES;
				CLANG_WARN_ENUM_CONVERSION = YES;
				CLANG_WARN_INFINITE_RECURSION = YES;
				CLANG_WARN_INT_CONVERSION = YES;
				CLANG_WARN_NON_LITERAL_NULL_CONVERSION = YES;
				CLANG_WARN_OBJC_LITERAL_CONVERSION = YES;
				CLANG_WARN_OBJC_ROOT_CLASS = YES_ERROR;
				CLANG_WARN_RANGE_LOOP_ANALYSIS = YES;
				CLANG_WARN_STRICT_PROTOTYPES = YES;
				CLANG_WARN_SUSPICIOUS_MOVE = YES;
				CLANG_WARN_UNGUARDED_AVAILABILITY = YES_AGGRESSIVE;
				CLANG_WARN_UNREACHABLE_CODE = YES;
				CLANG_WARN__DUPLICATE_METHOD_MATCH = YES;
				CODE_SIGN_IDENTITY = "iPhone Developer";
				COPY_PHASE_STRIP = NO;
				DEBUG_INFORMATION_FORMAT = dwarf;
				ENABLE_BITCODE = NO;
				ENABLE_STRICT_OBJC_MSGSEND = YES;
				ENABLE_TESTABILITY = YES;
				GCC_C_LANGUAGE_STANDARD = gnu11;
				GCC_DYNAMIC_NO_PIC = NO;
				GCC_NO_COMMON_BLOCKS = YES;
				GCC_OPTIMIZATION_LEVEL = 0;
				GCC_PREPROCESSOR_DEFINITIONS = (
					"DEBUG=1",
					"$(inherited)",
				);
				GCC_WARN_64_TO_32_BIT_CONVERSION = YES;
				GCC_WARN_ABOUT_RETURN_TYPE = YES_ERROR;
				GCC_WARN_UNDECLARED_SELECTOR = YES;
				GCC_WARN_UNINITIALIZED_AUTOS = YES_AGGRESSIVE;
				GCC_WARN_UNUSED_FUNCTION = YES;
				GCC_WARN_UNUSED_VARIABLE = YES;
				IPHONEOS_DEPLOYMENT_TARGET = 11.1;
				MTL_ENABLE_DEBUG_INFO = YES;
				ONLY_ACTIVE_ARCH = YES;
				SDKROOT = iphoneos;
				SWIFT_ACTIVE_COMPILATION_CONDITIONS = DEBUG;
				SWIFT_OPTIMIZATION_LEVEL = "-Onone";
			};
			name = Debug;
		};
		E942F92A20346A6200DD4B8E /* Release */ = {
			isa = XCBuildConfiguration;
			buildSettings = {
				ALWAYS_SEARCH_USER_PATHS = NO;
				CLANG_ANALYZER_NONNULL = YES;
				CLANG_ANALYZER_NUMBER_OBJECT_CONVERSION = YES_AGGRESSIVE;
				CLANG_CXX_LANGUAGE_STANDARD = "gnu++14";
				CLANG_CXX_LIBRARY = "libc++";
				CLANG_ENABLE_MODULES = YES;
				CLANG_ENABLE_OBJC_ARC = YES;
				CLANG_WARN_BLOCK_CAPTURE_AUTORELEASING = YES;
				CLANG_WARN_BOOL_CONVERSION = YES;
				CLANG_WARN_COMMA = YES;
				CLANG_WARN_CONSTANT_CONVERSION = YES;
				CLANG_WARN_DIRECT_OBJC_ISA_USAGE = YES_ERROR;
				CLANG_WARN_DOCUMENTATION_COMMENTS = YES;
				CLANG_WARN_EMPTY_BODY = YES;
				CLANG_WARN_ENUM_CONVERSION = YES;
				CLANG_WARN_INFINITE_RECURSION = YES;
				CLANG_WARN_INT_CONVERSION = YES;
				CLANG_WARN_NON_LITERAL_NULL_CONVERSION = YES;
				CLANG_WARN_OBJC_LITERAL_CONVERSION = YES;
				CLANG_WARN_OBJC_ROOT_CLASS = YES_ERROR;
				CLANG_WARN_RANGE_LOOP_ANALYSIS = YES;
				CLANG_WARN_STRICT_PROTOTYPES = YES;
				CLANG_WARN_SUSPICIOUS_MOVE = YES;
				CLANG_WARN_UNGUARDED_AVAILABILITY = YES_AGGRESSIVE;
				CLANG_WARN_UNREACHABLE_CODE = YES;
				CLANG_WARN__DUPLICATE_METHOD_MATCH = YES;
				CODE_SIGN_IDENTITY = "iPhone Developer";
				COPY_PHASE_STRIP = NO;
				DEBUG_INFORMATION_FORMAT = "dwarf-with-dsym";
				ENABLE_BITCODE = NO;
				ENABLE_NS_ASSERTIONS = NO;
				ENABLE_STRICT_OBJC_MSGSEND = YES;
				GCC_C_LANGUAGE_STANDARD = gnu11;
				GCC_NO_COMMON_BLOCKS = YES;
				GCC_WARN_64_TO_32_BIT_CONVERSION = YES;
				GCC_WARN_ABOUT_RETURN_TYPE = YES_ERROR;
				GCC_WARN_UNDECLARED_SELECTOR = YES;
				GCC_WARN_UNINITIALIZED_AUTOS = YES_AGGRESSIVE;
				GCC_WARN_UNUSED_FUNCTION = YES;
				GCC_WARN_UNUSED_VARIABLE = YES;
				IPHONEOS_DEPLOYMENT_TARGET = 11.1;
				MTL_ENABLE_DEBUG_INFO = NO;
				SDKROOT = iphoneos;
				SWIFT_OPTIMIZATION_LEVEL = "-Owholemodule";
				VALIDATE_PRODUCT = YES;
			};
			name = Release;
		};
		E942F92C20346A6200DD4B8E /* Debug */ = {
			isa = XCBuildConfiguration;
			baseConfigurationReference = AFFFBF1EF8563EAA1B115E26 /* Pods-EcosystemSampleApp.debug.xcconfig */;
			buildSettings = {
				ASSETCATALOG_COMPILER_APPICON_NAME = AppIcon;
				CODE_SIGN_STYLE = Automatic;
				DEVELOPMENT_TEAM = Z37J743B3H;
				INFOPLIST_FILE = EcosystemSampleApp/Info.plist;
				IPHONEOS_DEPLOYMENT_TARGET = 9.0;
				LD_RUNPATH_SEARCH_PATHS = "$(inherited) @executable_path/Frameworks";
				PRODUCT_BUNDLE_IDENTIFIER = Kik.EcosystemSampleApp;
				PRODUCT_NAME = "$(TARGET_NAME)";
				SWIFT_VERSION = 4.0;
				TARGETED_DEVICE_FAMILY = "1,2";
			};
			name = Debug;
		};
		E942F92D20346A6200DD4B8E /* Release */ = {
			isa = XCBuildConfiguration;
			baseConfigurationReference = 6C1F0762B7EA436EC8BD8325 /* Pods-EcosystemSampleApp.release.xcconfig */;
			buildSettings = {
				ASSETCATALOG_COMPILER_APPICON_NAME = AppIcon;
				CODE_SIGN_STYLE = Automatic;
				DEVELOPMENT_TEAM = Z37J743B3H;
				INFOPLIST_FILE = EcosystemSampleApp/Info.plist;
				IPHONEOS_DEPLOYMENT_TARGET = 9.0;
				LD_RUNPATH_SEARCH_PATHS = "$(inherited) @executable_path/Frameworks";
				PRODUCT_BUNDLE_IDENTIFIER = Kik.EcosystemSampleApp;
				PRODUCT_NAME = "$(TARGET_NAME)";
				SWIFT_VERSION = 4.0;
				TARGETED_DEVICE_FAMILY = "1,2";
			};
			name = Release;
		};
/* End XCBuildConfiguration section */

/* Begin XCConfigurationList section */
		E942F91420346A6200DD4B8E /* Build configuration list for PBXProject "EcosystemSampleApp" */ = {
			isa = XCConfigurationList;
			buildConfigurations = (
				E942F92920346A6200DD4B8E /* Debug */,
				E942F92A20346A6200DD4B8E /* Release */,
			);
			defaultConfigurationIsVisible = 0;
			defaultConfigurationName = Release;
		};
		E942F92B20346A6200DD4B8E /* Build configuration list for PBXNativeTarget "EcosystemSampleApp" */ = {
			isa = XCConfigurationList;
			buildConfigurations = (
				E942F92C20346A6200DD4B8E /* Debug */,
				E942F92D20346A6200DD4B8E /* Release */,
			);
			defaultConfigurationIsVisible = 0;
			defaultConfigurationName = Release;
		};
/* End XCConfigurationList section */
	};
	rootObject = E942F91120346A6200DD4B8E /* Project object */;
}
